
Microsoft Visual Studio Solution File, Format Version 12.00
# Visual Studio 2013
VisualStudioVersion = 12.0.31101.0
MinimumVisualStudioVersion = 10.0.40219.1
Project("{FAE04EC0-301F-11D3-BF4B-00C04F79EFBC}") = "PinboardLinkBlogger", "PinboardLinkBlogger\PinboardLinkBlogger.csproj", "{2E1E2874-726E-440A-BFF7-4825B5188786}"
EndProject
Project("{FAE04EC0-301F-11D3-BF4B-00C04F79EFBC}") = "PinboardAPI", "PinboardAPI\PinboardAPI.csproj", "{9E968D45-F0A9-4044-8F50-DBC2A7F0AEF7}"
EndProject
Global
	GlobalSection(SolutionConfigurationPlatforms) = preSolution
		Debug|Any CPU = Debug|Any CPU
		Release|Any CPU = Release|Any CPU
	EndGlobalSection
	GlobalSection(ProjectConfigurationPlatforms) = postSolution
		{2E1E2874-726E-440A-BFF7-4825B5188786}.Debug|Any CPU.ActiveCfg = Debug|Any CPU
		{2E1E2874-726E-440A-BFF7-4825B5188786}.Debug|Any CPU.Build.0 = Debug|Any CPU
		{2E1E2874-726E-440A-BFF7-4825B5188786}.Release|Any CPU.ActiveCfg = Release|Any CPU
		{2E1E2874-726E-440A-BFF7-4825B5188786}.Release|Any CPU.Build.0 = Release|Any CPU
		{9E968D45-F0A9-4044-8F50-DBC2A7F0AEF7}.Debug|Any CPU.ActiveCfg = Debug|Any CPU
		{9E968D45-F0A9-4044-8F50-DBC2A7F0AEF7}.Debug|Any CPU.Build.0 = Debug|Any CPU
		{9E968D45-F0A9-4044-8F50-DBC2A7F0AEF7}.Release|Any CPU.ActiveCfg = Release|Any CPU
		{9E968D45-F0A9-4044-8F50-DBC2A7F0AEF7}.Release|Any CPU.Build.0 = Release|Any CPU
	EndGlobalSection
	GlobalSection(SolutionProperties) = preSolution
		HideSolutionNode = FALSE
	EndGlobalSection
EndGlobal
